
Microsoft Visual Studio Solution File, Format Version 12.00
# Visual Studio Version 17
VisualStudioVersion = 17.4.33403.182
MinimumVisualStudioVersion = 10.0.40219.1
Project("{FAE04EC0-301F-11D3-BF4B-00C04F79EFBC}") = "task no3", "task no3\task no3.csproj", "{91D2153F-4122-4982-A83B-C72389D6B04F}"
EndProject
Global
	GlobalSection(SolutionConfigurationPlatforms) = preSolution
		Debug|Any CPU = Debug|Any CPU
		Release|Any CPU = Release|Any CPU
	EndGlobalSection
	GlobalSection(ProjectConfigurationPlatforms) = postSolution
		{91D2153F-4122-4982-A83B-C72389D6B04F}.Debug|Any CPU.ActiveCfg = Debug|Any CPU
		{91D2153F-4122-4982-A83B-C72389D6B04F}.Debug|Any CPU.Build.0 = Debug|Any CPU
		{91D2153F-4122-4982-A83B-C72389D6B04F}.Release|Any CPU.ActiveCfg = Release|Any CPU
		{91D2153F-4122-4982-A83B-C72389D6B04F}.Release|Any CPU.Build.0 = Release|Any CPU
	EndGlobalSection
	GlobalSection(SolutionProperties) = preSolution
		HideSolutionNode = FALSE
	EndGlobalSection
	GlobalSection(ExtensibilityGlobals) = postSolution
		SolutionGuid = {1AC710B9-4775-4F2E-A997-204027649988}
	EndGlobalSection
EndGlobal
